
Microsoft Visual Studio Solution File, Format Version 12.00
# Visual Studio 2013
VisualStudioVersion = 12.0.31101.0
MinimumVisualStudioVersion = 10.0.40219.1
Project("{2150E333-8FDC-42A3-9474-1A3956D46DE8}") = "Platformer2D", "Platformer2D", "{ACC28590-AA74-4963-BCC3-BEC2AA959223}"
EndProject
Project("{2150E333-8FDC-42A3-9474-1A3956D46DE8}") = "Platforms", "Platforms", "{515ECD6D-8F76-48A8-A71F-67A106D3DFE8}"
EndProject
Project("{FAE04EC0-301F-11D3-BF4B-00C04F79EFBC}") = "Platformer2D-WinDX", "Platformer2D\Platforms\WindowsDX\Platformer2D-WinDX.csproj", "{256B1D7C-1127-4D8B-9F2B-3A8A69741B54}"
EndProject
Project("{FAE04EC0-301F-11D3-BF4B-00C04F79EFBC}") = "Platformer2D-Win8", "Platformer2D\Platforms\Windows8\Platformer2D-Win8.csproj", "{DE244F4A-FDF4-4368-922C-5A37E51BF69D}"
EndProject
Project("{FAE04EC0-301F-11D3-BF4B-00C04F79EFBC}") = "Platformer2D-Android", "Platformer2D\Platforms\Android\Platformer2D-Android.csproj", "{75787324-20FC-4AA7-8E4E-00AE508F4069}"
EndProject
Project("{FAE04EC0-301F-11D3-BF4B-00C04F79EFBC}") = "Platformer2D-Linux", "Platformer2D\Platforms\Linux\Platformer2D-Linux.csproj", "{F2E1E56C-E6CA-4381-8F51-325A5801C92B}"
EndProject
Project("{FAE04EC0-301F-11D3-BF4B-00C04F79EFBC}") = "Platformer2D-Ouya", "Platformer2D\Platforms\Ouya\Platformer2D-Ouya.csproj", "{48BBE7DF-44ED-42DC-B9C5-7E713BAD1496}"
EndProject
Project("{FAE04EC0-301F-11D3-BF4B-00C04F79EFBC}") = "Platformer2D-WinGL", "Platformer2D\Platforms\WindowsGL\Platformer2D-WinGL.csproj", "{CAF988BD-5440-405D-95D5-BCAB25FC5240}"
EndProject
Project("{FAE04EC0-301F-11D3-BF4B-00C04F79EFBC}") = "Platformer2D-WinPhone", "Platformer2D\Platforms\WindowsPhone\Platformer2D-WinPhone.csproj", "{F3222C35-15A9-4289-AABC-162236E94806}"
EndProject
Project("{FAE04EC0-301F-11D3-BF4B-00C04F79EFBC}") = "Platformer2DGameLibrary", "Platformer2D\Game\Platformer2DGameLibrary.csproj", "{7ABC9E37-3E29-45A7-A1C1-D7B3175939C4}"
EndProject
Global
	GlobalSection(SolutionConfigurationPlatforms) = preSolution
		Debug|Any CPU = Debug|Any CPU
		Debug|ARM = Debug|ARM
		Debug|iPhone = Debug|iPhone
		Debug|iPhoneSimulator = Debug|iPhoneSimulator
		Debug|Mixed Platforms = Debug|Mixed Platforms
		Debug|x64 = Debug|x64
		Debug|x86 = Debug|x86
		Release|Any CPU = Release|Any CPU
		Release|ARM = Release|ARM
		Release|iPhone = Release|iPhone
		Release|iPhoneSimulator = Release|iPhoneSimulator
		Release|Mixed Platforms = Release|Mixed Platforms
		Release|x64 = Release|x64
		Release|x86 = Release|x86
	EndGlobalSection
	GlobalSection(ProjectConfigurationPlatforms) = postSolution
		{256B1D7C-1127-4D8B-9F2B-3A8A69741B54}.Debug|Any CPU.ActiveCfg = Debug|x86
		{256B1D7C-1127-4D8B-9F2B-3A8A69741B54}.Debug|Any CPU.Build.0 = Debug|x86
		{256B1D7C-1127-4D8B-9F2B-3A8A69741B54}.Debug|ARM.ActiveCfg = Debug|x86
		{256B1D7C-1127-4D8B-9F2B-3A8A69741B54}.Debug|iPhone.ActiveCfg = Debug|x86
		{256B1D7C-1127-4D8B-9F2B-3A8A69741B54}.Debug|iPhoneSimulator.ActiveCfg = Debug|x86
		{256B1D7C-1127-4D8B-9F2B-3A8A69741B54}.Debug|Mixed Platforms.ActiveCfg = Debug|x86
		{256B1D7C-1127-4D8B-9F2B-3A8A69741B54}.Debug|Mixed Platforms.Build.0 = Debug|x86
		{256B1D7C-1127-4D8B-9F2B-3A8A69741B54}.Debug|x64.ActiveCfg = Debug|x86
		{256B1D7C-1127-4D8B-9F2B-3A8A69741B54}.Debug|x86.ActiveCfg = Debug|x86
		{256B1D7C-1127-4D8B-9F2B-3A8A69741B54}.Debug|x86.Build.0 = Debug|x86
		{256B1D7C-1127-4D8B-9F2B-3A8A69741B54}.Release|Any CPU.ActiveCfg = Release|x86
		{256B1D7C-1127-4D8B-9F2B-3A8A69741B54}.Release|ARM.ActiveCfg = Release|x86
		{256B1D7C-1127-4D8B-9F2B-3A8A69741B54}.Release|iPhone.ActiveCfg = Release|x86
		{256B1D7C-1127-4D8B-9F2B-3A8A69741B54}.Release|iPhoneSimulator.ActiveCfg = Release|x86
		{256B1D7C-1127-4D8B-9F2B-3A8A69741B54}.Release|Mixed Platforms.ActiveCfg = Release|x86
		{256B1D7C-1127-4D8B-9F2B-3A8A69741B54}.Release|Mixed Platforms.Build.0 = Release|x86
		{256B1D7C-1127-4D8B-9F2B-3A8A69741B54}.Release|x64.ActiveCfg = Release|x86
		{256B1D7C-1127-4D8B-9F2B-3A8A69741B54}.Release|x86.ActiveCfg = Release|x86
		{256B1D7C-1127-4D8B-9F2B-3A8A69741B54}.Release|x86.Build.0 = Release|x86
		{DE244F4A-FDF4-4368-922C-5A37E51BF69D}.Debug|Any CPU.ActiveCfg = Debug|Any CPU
		{DE244F4A-FDF4-4368-922C-5A37E51BF69D}.Debug|Any CPU.Build.0 = Debug|Any CPU
		{DE244F4A-FDF4-4368-922C-5A37E51BF69D}.Debug|Any CPU.Deploy.0 = Debug|Any CPU
		{DE244F4A-FDF4-4368-922C-5A37E51BF69D}.Debug|ARM.ActiveCfg = Debug|ARM
		{DE244F4A-FDF4-4368-922C-5A37E51BF69D}.Debug|ARM.Build.0 = Debug|ARM
		{DE244F4A-FDF4-4368-922C-5A37E51BF69D}.Debug|ARM.Deploy.0 = Debug|ARM
		{DE244F4A-FDF4-4368-922C-5A37E51BF69D}.Debug|iPhone.ActiveCfg = Debug|Any CPU
		{DE244F4A-FDF4-4368-922C-5A37E51BF69D}.Debug|iPhoneSimulator.ActiveCfg = Debug|Any CPU
		{DE244F4A-FDF4-4368-922C-5A37E51BF69D}.Debug|Mixed Platforms.ActiveCfg = Debug|x86
		{DE244F4A-FDF4-4368-922C-5A37E51BF69D}.Debug|Mixed Platforms.Build.0 = Debug|x86
		{DE244F4A-FDF4-4368-922C-5A37E51BF69D}.Debug|Mixed Platforms.Deploy.0 = Debug|x86
		{DE244F4A-FDF4-4368-922C-5A37E51BF69D}.Debug|x64.ActiveCfg = Debug|x64
		{DE244F4A-FDF4-4368-922C-5A37E51BF69D}.Debug|x64.Build.0 = Debug|x64
		{DE244F4A-FDF4-4368-922C-5A37E51BF69D}.Debug|x64.Deploy.0 = Debug|x64
		{DE244F4A-FDF4-4368-922C-5A37E51BF69D}.Debug|x86.ActiveCfg = Debug|x86
		{DE244F4A-FDF4-4368-922C-5A37E51BF69D}.Debug|x86.Build.0 = Debug|x86
		{DE244F4A-FDF4-4368-922C-5A37E51BF69D}.Debug|x86.Deploy.0 = Debug|x86
		{DE244F4A-FDF4-4368-922C-5A37E51BF69D}.Release|Any CPU.ActiveCfg = Release|Any CPU
		{DE244F4A-FDF4-4368-922C-5A37E51BF69D}.Release|Any CPU.Build.0 = Release|Any CPU
		{DE244F4A-FDF4-4368-922C-5A37E51BF69D}.Release|Any CPU.Deploy.0 = Release|Any CPU
		{DE244F4A-FDF4-4368-922C-5A37E51BF69D}.Release|ARM.ActiveCfg = Release|ARM
		{DE244F4A-FDF4-4368-922C-5A37E51BF69D}.Release|ARM.Build.0 = Release|ARM
		{DE244F4A-FDF4-4368-922C-5A37E51BF69D}.Release|ARM.Deploy.0 = Release|ARM
		{DE244F4A-FDF4-4368-922C-5A37E51BF69D}.Release|iPhone.ActiveCfg = Release|Any CPU
		{DE244F4A-FDF4-4368-922C-5A37E51BF69D}.Release|iPhoneSimulator.ActiveCfg = Release|Any CPU
		{DE244F4A-FDF4-4368-922C-5A37E51BF69D}.Release|Mixed Platforms.ActiveCfg = Release|x86
		{DE244F4A-FDF4-4368-922C-5A37E51BF69D}.Release|Mixed Platforms.Build.0 = Release|x86
		{DE244F4A-FDF4-4368-922C-5A37E51BF69D}.Release|Mixed Platforms.Deploy.0 = Release|x86
		{DE244F4A-FDF4-4368-922C-5A37E51BF69D}.Release|x64.ActiveCfg = Release|x64
		{DE244F4A-FDF4-4368-922C-5A37E51BF69D}.Release|x64.Build.0 = Release|x64
		{DE244F4A-FDF4-4368-922C-5A37E51BF69D}.Release|x64.Deploy.0 = Release|x64
		{DE244F4A-FDF4-4368-922C-5A37E51BF69D}.Release|x86.ActiveCfg = Release|x86
		{DE244F4A-FDF4-4368-922C-5A37E51BF69D}.Release|x86.Build.0 = Release|x86
		{DE244F4A-FDF4-4368-922C-5A37E51BF69D}.Release|x86.Deploy.0 = Release|x86
		{75787324-20FC-4AA7-8E4E-00AE508F4069}.Debug|Any CPU.ActiveCfg = Debug|Any CPU
		{75787324-20FC-4AA7-8E4E-00AE508F4069}.Debug|Any CPU.Build.0 = Debug|Any CPU
		{75787324-20FC-4AA7-8E4E-00AE508F4069}.Debug|Any CPU.Deploy.0 = Debug|Any CPU
		{75787324-20FC-4AA7-8E4E-00AE508F4069}.Debug|ARM.ActiveCfg = Debug|Any CPU
		{75787324-20FC-4AA7-8E4E-00AE508F4069}.Debug|iPhone.ActiveCfg = Debug|Any CPU
		{75787324-20FC-4AA7-8E4E-00AE508F4069}.Debug|iPhoneSimulator.ActiveCfg = Debug|Any CPU
		{75787324-20FC-4AA7-8E4E-00AE508F4069}.Debug|Mixed Platforms.ActiveCfg = Debug|Any CPU
		{75787324-20FC-4AA7-8E4E-00AE508F4069}.Debug|Mixed Platforms.Build.0 = Debug|Any CPU
		{75787324-20FC-4AA7-8E4E-00AE508F4069}.Debug|Mixed Platforms.Deploy.0 = Debug|Any CPU
		{75787324-20FC-4AA7-8E4E-00AE508F4069}.Debug|x64.ActiveCfg = Debug|Any CPU
		{75787324-20FC-4AA7-8E4E-00AE508F4069}.Debug|x86.ActiveCfg = Debug|Any CPU
		{75787324-20FC-4AA7-8E4E-00AE508F4069}.Release|Any CPU.ActiveCfg = Release|Any CPU
		{75787324-20FC-4AA7-8E4E-00AE508F4069}.Release|Any CPU.Build.0 = Release|Any CPU
		{75787324-20FC-4AA7-8E4E-00AE508F4069}.Release|Any CPU.Deploy.0 = Release|Any CPU
		{75787324-20FC-4AA7-8E4E-00AE508F4069}.Release|ARM.ActiveCfg = Release|Any CPU
		{75787324-20FC-4AA7-8E4E-00AE508F4069}.Release|iPhone.ActiveCfg = Release|Any CPU
		{75787324-20FC-4AA7-8E4E-00AE508F4069}.Release|iPhoneSimulator.ActiveCfg = Release|Any CPU
		{75787324-20FC-4AA7-8E4E-00AE508F4069}.Release|Mixed Platforms.ActiveCfg = Release|Any CPU
		{75787324-20FC-4AA7-8E4E-00AE508F4069}.Release|Mixed Platforms.Build.0 = Release|Any CPU
		{75787324-20FC-4AA7-8E4E-00AE508F4069}.Release|Mixed Platforms.Deploy.0 = Release|Any CPU
		{75787324-20FC-4AA7-8E4E-00AE508F4069}.Release|x64.ActiveCfg = Release|Any CPU
		{75787324-20FC-4AA7-8E4E-00AE508F4069}.Release|x86.ActiveCfg = Release|Any CPU
		{F2E1E56C-E6CA-4381-8F51-325A5801C92B}.Debug|Any CPU.ActiveCfg = Debug|x86
		{F2E1E56C-E6CA-4381-8F51-325A5801C92B}.Debug|Any CPU.Build.0 = Debug|x86
		{F2E1E56C-E6CA-4381-8F51-325A5801C92B}.Debug|ARM.ActiveCfg = Debug|x86
		{F2E1E56C-E6CA-4381-8F51-325A5801C92B}.Debug|iPhone.ActiveCfg = Debug|x86
		{F2E1E56C-E6CA-4381-8F51-325A5801C92B}.Debug|iPhoneSimulator.ActiveCfg = Debug|x86
		{F2E1E56C-E6CA-4381-8F51-325A5801C92B}.Debug|Mixed Platforms.ActiveCfg = Debug|x86
		{F2E1E56C-E6CA-4381-8F51-325A5801C92B}.Debug|Mixed Platforms.Build.0 = Debug|x86
		{F2E1E56C-E6CA-4381-8F51-325A5801C92B}.Debug|x64.ActiveCfg = Debug|x86
		{F2E1E56C-E6CA-4381-8F51-325A5801C92B}.Debug|x86.ActiveCfg = Debug|x86
		{F2E1E56C-E6CA-4381-8F51-325A5801C92B}.Debug|x86.Build.0 = Debug|x86
		{F2E1E56C-E6CA-4381-8F51-325A5801C92B}.Release|Any CPU.ActiveCfg = Release|x86
		{F2E1E56C-E6CA-4381-8F51-325A5801C92B}.Release|ARM.ActiveCfg = Release|x86
		{F2E1E56C-E6CA-4381-8F51-325A5801C92B}.Release|iPhone.ActiveCfg = Release|x86
		{F2E1E56C-E6CA-4381-8F51-325A5801C92B}.Release|iPhoneSimulator.ActiveCfg = Release|x86
		{F2E1E56C-E6CA-4381-8F51-325A5801C92B}.Release|Mixed Platforms.ActiveCfg = Release|x86
		{F2E1E56C-E6CA-4381-8F51-325A5801C92B}.Release|Mixed Platforms.Build.0 = Release|x86
		{F2E1E56C-E6CA-4381-8F51-325A5801C92B}.Release|x64.ActiveCfg = Release|x86
		{F2E1E56C-E6CA-4381-8F51-325A5801C92B}.Release|x86.ActiveCfg = Release|x86
		{F2E1E56C-E6CA-4381-8F51-325A5801C92B}.Release|x86.Build.0 = Release|x86
		{48BBE7DF-44ED-42DC-B9C5-7E713BAD1496}.Debug|Any CPU.ActiveCfg = Debug|Any CPU
		{48BBE7DF-44ED-42DC-B9C5-7E713BAD1496}.Debug|Any CPU.Build.0 = Debug|Any CPU
		{48BBE7DF-44ED-42DC-B9C5-7E713BAD1496}.Debug|Any CPU.Deploy.0 = Debug|Any CPU
		{48BBE7DF-44ED-42DC-B9C5-7E713BAD1496}.Debug|ARM.ActiveCfg = Debug|Any CPU
		{48BBE7DF-44ED-42DC-B9C5-7E713BAD1496}.Debug|iPhone.ActiveCfg = Debug|Any CPU
		{48BBE7DF-44ED-42DC-B9C5-7E713BAD1496}.Debug|iPhoneSimulator.ActiveCfg = Debug|Any CPU
		{48BBE7DF-44ED-42DC-B9C5-7E713BAD1496}.Debug|Mixed Platforms.ActiveCfg = Debug|Any CPU
		{48BBE7DF-44ED-42DC-B9C5-7E713BAD1496}.Debug|Mixed Platforms.Build.0 = Debug|Any CPU
		{48BBE7DF-44ED-42DC-B9C5-7E713BAD1496}.Debug|Mixed Platforms.Deploy.0 = Debug|Any CPU
		{48BBE7DF-44ED-42DC-B9C5-7E713BAD1496}.Debug|x64.ActiveCfg = Debug|Any CPU
		{48BBE7DF-44ED-42DC-B9C5-7E713BAD1496}.Debug|x86.ActiveCfg = Debug|Any CPU
		{48BBE7DF-44ED-42DC-B9C5-7E713BAD1496}.Release|Any CPU.ActiveCfg = Release|Any CPU
		{48BBE7DF-44ED-42DC-B9C5-7E713BAD1496}.Release|Any CPU.Build.0 = Release|Any CPU
		{48BBE7DF-44ED-42DC-B9C5-7E713BAD1496}.Release|Any CPU.Deploy.0 = Release|Any CPU
		{48BBE7DF-44ED-42DC-B9C5-7E713BAD1496}.Release|ARM.ActiveCfg = Release|Any CPU
		{48BBE7DF-44ED-42DC-B9C5-7E713BAD1496}.Release|iPhone.ActiveCfg = Release|Any CPU
		{48BBE7DF-44ED-42DC-B9C5-7E713BAD1496}.Release|iPhoneSimulator.ActiveCfg = Release|Any CPU
		{48BBE7DF-44ED-42DC-B9C5-7E713BAD1496}.Release|Mixed Platforms.ActiveCfg = Release|Any CPU
		{48BBE7DF-44ED-42DC-B9C5-7E713BAD1496}.Release|Mixed Platforms.Build.0 = Release|Any CPU
		{48BBE7DF-44ED-42DC-B9C5-7E713BAD1496}.Release|Mixed Platforms.Deploy.0 = Release|Any CPU
		{48BBE7DF-44ED-42DC-B9C5-7E713BAD1496}.Release|x64.ActiveCfg = Release|Any CPU
		{48BBE7DF-44ED-42DC-B9C5-7E713BAD1496}.Release|x86.ActiveCfg = Release|Any CPU
		{CAF988BD-5440-405D-95D5-BCAB25FC5240}.Debug|Any CPU.ActiveCfg = Debug|x86
		{CAF988BD-5440-405D-95D5-BCAB25FC5240}.Debug|Any CPU.Build.0 = Debug|x86
		{CAF988BD-5440-405D-95D5-BCAB25FC5240}.Debug|ARM.ActiveCfg = Debug|x86
		{CAF988BD-5440-405D-95D5-BCAB25FC5240}.Debug|iPhone.ActiveCfg = Debug|x86
		{CAF988BD-5440-405D-95D5-BCAB25FC5240}.Debug|iPhoneSimulator.ActiveCfg = Debug|x86
		{CAF988BD-5440-405D-95D5-BCAB25FC5240}.Debug|Mixed Platforms.ActiveCfg = Debug|x86
		{CAF988BD-5440-405D-95D5-BCAB25FC5240}.Debug|Mixed Platforms.Build.0 = Debug|x86
		{CAF988BD-5440-405D-95D5-BCAB25FC5240}.Debug|x64.ActiveCfg = Debug|x86
		{CAF988BD-5440-405D-95D5-BCAB25FC5240}.Debug|x86.ActiveCfg = Debug|x86
		{CAF988BD-5440-405D-95D5-BCAB25FC5240}.Debug|x86.Build.0 = Debug|x86
		{CAF988BD-5440-405D-95D5-BCAB25FC5240}.Release|Any CPU.ActiveCfg = Release|x86
		{CAF988BD-5440-405D-95D5-BCAB25FC5240}.Release|ARM.ActiveCfg = Release|x86
		{CAF988BD-5440-405D-95D5-BCAB25FC5240}.Release|iPhone.ActiveCfg = Release|x86
		{CAF988BD-5440-405D-95D5-BCAB25FC5240}.Release|iPhoneSimulator.ActiveCfg = Release|x86
		{CAF988BD-5440-405D-95D5-BCAB25FC5240}.Release|Mixed Platforms.ActiveCfg = Release|x86
		{CAF988BD-5440-405D-95D5-BCAB25FC5240}.Release|Mixed Platforms.Build.0 = Release|x86
		{CAF988BD-5440-405D-95D5-BCAB25FC5240}.Release|x64.ActiveCfg = Release|x86
		{CAF988BD-5440-405D-95D5-BCAB25FC5240}.Release|x86.ActiveCfg = Release|x86
		{CAF988BD-5440-405D-95D5-BCAB25FC5240}.Release|x86.Build.0 = Release|x86
		{F3222C35-15A9-4289-AABC-162236E94806}.Debug|Any CPU.ActiveCfg = Debug|x86
		{F3222C35-15A9-4289-AABC-162236E94806}.Debug|Any CPU.Build.0 = Debug|x86
		{F3222C35-15A9-4289-AABC-162236E94806}.Debug|Any CPU.Deploy.0 = Debug|x86
		{F3222C35-15A9-4289-AABC-162236E94806}.Debug|ARM.ActiveCfg = Debug|ARM
		{F3222C35-15A9-4289-AABC-162236E94806}.Debug|ARM.Build.0 = Debug|ARM
		{F3222C35-15A9-4289-AABC-162236E94806}.Debug|ARM.Deploy.0 = Debug|ARM
		{F3222C35-15A9-4289-AABC-162236E94806}.Debug|iPhone.ActiveCfg = Debug|x86
		{F3222C35-15A9-4289-AABC-162236E94806}.Debug|iPhoneSimulator.ActiveCfg = Debug|x86
		{F3222C35-15A9-4289-AABC-162236E94806}.Debug|Mixed Platforms.ActiveCfg = Debug|x86
		{F3222C35-15A9-4289-AABC-162236E94806}.Debug|Mixed Platforms.Build.0 = Debug|x86
		{F3222C35-15A9-4289-AABC-162236E94806}.Debug|Mixed Platforms.Deploy.0 = Debug|x86
		{F3222C35-15A9-4289-AABC-162236E94806}.Debug|x64.ActiveCfg = Debug|x86
		{F3222C35-15A9-4289-AABC-162236E94806}.Debug|x86.ActiveCfg = Debug|x86
		{F3222C35-15A9-4289-AABC-162236E94806}.Debug|x86.Build.0 = Debug|x86
		{F3222C35-15A9-4289-AABC-162236E94806}.Debug|x86.Deploy.0 = Debug|x86
		{F3222C35-15A9-4289-AABC-162236E94806}.Release|Any CPU.ActiveCfg = Release|x86
		{F3222C35-15A9-4289-AABC-162236E94806}.Release|ARM.ActiveCfg = Release|ARM
		{F3222C35-15A9-4289-AABC-162236E94806}.Release|ARM.Build.0 = Release|ARM
		{F3222C35-15A9-4289-AABC-162236E94806}.Release|ARM.Deploy.0 = Release|ARM
		{F3222C35-15A9-4289-AABC-162236E94806}.Release|iPhone.ActiveCfg = Release|x86
		{F3222C35-15A9-4289-AABC-162236E94806}.Release|iPhoneSimulator.ActiveCfg = Release|x86
		{F3222C35-15A9-4289-AABC-162236E94806}.Release|Mixed Platforms.ActiveCfg = Release|x86
		{F3222C35-15A9-4289-AABC-162236E94806}.Release|Mixed Platforms.Build.0 = Release|x86
		{F3222C35-15A9-4289-AABC-162236E94806}.Release|Mixed Platforms.Deploy.0 = Release|x86
		{F3222C35-15A9-4289-AABC-162236E94806}.Release|x64.ActiveCfg = Release|x86
		{F3222C35-15A9-4289-AABC-162236E94806}.Release|x86.ActiveCfg = Release|x86
		{F3222C35-15A9-4289-AABC-162236E94806}.Release|x86.Build.0 = Release|x86
		{F3222C35-15A9-4289-AABC-162236E94806}.Release|x86.Deploy.0 = Release|x86
		{7ABC9E37-3E29-45A7-A1C1-D7B3175939C4}.Debug|Any CPU.ActiveCfg = Debug|Any CPU
		{7ABC9E37-3E29-45A7-A1C1-D7B3175939C4}.Debug|Any CPU.Build.0 = Debug|Any CPU
		{7ABC9E37-3E29-45A7-A1C1-D7B3175939C4}.Debug|ARM.ActiveCfg = Debug|Any CPU
		{7ABC9E37-3E29-45A7-A1C1-D7B3175939C4}.Debug|iPhone.ActiveCfg = Debug|Any CPU
		{7ABC9E37-3E29-45A7-A1C1-D7B3175939C4}.Debug|iPhoneSimulator.ActiveCfg = Debug|Any CPU
		{7ABC9E37-3E29-45A7-A1C1-D7B3175939C4}.Debug|Mixed Platforms.ActiveCfg = Debug|Any CPU
		{7ABC9E37-3E29-45A7-A1C1-D7B3175939C4}.Debug|Mixed Platforms.Build.0 = Debug|Any CPU
		{7ABC9E37-3E29-45A7-A1C1-D7B3175939C4}.Debug|x64.ActiveCfg = Debug|Any CPU
		{7ABC9E37-3E29-45A7-A1C1-D7B3175939C4}.Debug|x86.ActiveCfg = Debug|Any CPU
		{7ABC9E37-3E29-45A7-A1C1-D7B3175939C4}.Release|Any CPU.ActiveCfg = Release|Any CPU
		{7ABC9E37-3E29-45A7-A1C1-D7B3175939C4}.Release|Any CPU.Build.0 = Release|Any CPU
		{7ABC9E37-3E29-45A7-A1C1-D7B3175939C4}.Release|ARM.ActiveCfg = Release|Any CPU
		{7ABC9E37-3E29-45A7-A1C1-D7B3175939C4}.Release|iPhone.ActiveCfg = Release|Any CPU
		{7ABC9E37-3E29-45A7-A1C1-D7B3175939C4}.Release|iPhoneSimulator.ActiveCfg = Release|Any CPU
		{7ABC9E37-3E29-45A7-A1C1-D7B3175939C4}.Release|Mixed Platforms.ActiveCfg = Release|Any CPU
		{7ABC9E37-3E29-45A7-A1C1-D7B3175939C4}.Release|Mixed Platforms.Build.0 = Release|Any CPU
		{7ABC9E37-3E29-45A7-A1C1-D7B3175939C4}.Release|x64.ActiveCfg = Release|Any CPU
		{7ABC9E37-3E29-45A7-A1C1-D7B3175939C4}.Release|x86.ActiveCfg = Release|Any CPU
	EndGlobalSection
	GlobalSection(SolutionProperties) = preSolution
		HideSolutionNode = FALSE
	EndGlobalSection
	GlobalSection(NestedProjects) = preSolution
		{515ECD6D-8F76-48A8-A71F-67A106D3DFE8} = {ACC28590-AA74-4963-BCC3-BEC2AA959223}
		{256B1D7C-1127-4D8B-9F2B-3A8A69741B54} = {515ECD6D-8F76-48A8-A71F-67A106D3DFE8}
		{DE244F4A-FDF4-4368-922C-5A37E51BF69D} = {515ECD6D-8F76-48A8-A71F-67A106D3DFE8}
		{75787324-20FC-4AA7-8E4E-00AE508F4069} = {515ECD6D-8F76-48A8-A71F-67A106D3DFE8}
		{F2E1E56C-E6CA-4381-8F51-325A5801C92B} = {515ECD6D-8F76-48A8-A71F-67A106D3DFE8}
		{48BBE7DF-44ED-42DC-B9C5-7E713BAD1496} = {515ECD6D-8F76-48A8-A71F-67A106D3DFE8}
		{CAF988BD-5440-405D-95D5-BCAB25FC5240} = {515ECD6D-8F76-48A8-A71F-67A106D3DFE8}
		{F3222C35-15A9-4289-AABC-162236E94806} = {515ECD6D-8F76-48A8-A71F-67A106D3DFE8}
		{7ABC9E37-3E29-45A7-A1C1-D7B3175939C4} = {ACC28590-AA74-4963-BCC3-BEC2AA959223}
	EndGlobalSection
EndGlobal
